
Microsoft Visual Studio Solution File, Format Version 12.00
# Visual Studio Version 16
VisualStudioVersion = 16.0.30804.86
MinimumVisualStudioVersion = 10.0.40219.1
Project("{2150E333-8FDC-42A3-9474-1A3956D46DE8}") = "src", "src", "{0BC2F187-C3E0-4E39-8A4F-49351DCE7883}"
EndProject
Project("{FAE04EC0-301F-11D3-BF4B-00C04F79EFBC}") = "ToDoManagement.API", "src\ToDoManagement.API\ToDoManagement.API.csproj", "{C9490331-11F1-4C0C-9599-1F610257505C}"
EndProject
Project("{FAE04EC0-301F-11D3-BF4B-00C04F79EFBC}") = "Domain", "src\Domain\Domain.csproj", "{C09E8165-64A8-4D26-B5DA-FF09FADD3234}"
EndProject
Project("{FAE04EC0-301F-11D3-BF4B-00C04F79EFBC}") = "Infrastricture", "src\Infrastricture\Infrastricture.csproj", "{63FEF5AD-5483-4919-8549-00CE1F26E3BF}"
EndProject
Project("{FAE04EC0-301F-11D3-BF4B-00C04F79EFBC}") = "Application", "src\Application\Application.csproj", "{5BF7F915-A7B2-4E05-BAF2-ECBEDB7ED6B4}"
EndProject
Global
	GlobalSection(SolutionConfigurationPlatforms) = preSolution
		Debug|Any CPU = Debug|Any CPU
		Release|Any CPU = Release|Any CPU
	EndGlobalSection
	GlobalSection(ProjectConfigurationPlatforms) = postSolution
		{C9490331-11F1-4C0C-9599-1F610257505C}.Debug|Any CPU.ActiveCfg = Debug|Any CPU
		{C9490331-11F1-4C0C-9599-1F610257505C}.Debug|Any CPU.Build.0 = Debug|Any CPU
		{C9490331-11F1-4C0C-9599-1F610257505C}.Release|Any CPU.ActiveCfg = Release|Any CPU
		{C9490331-11F1-4C0C-9599-1F610257505C}.Release|Any CPU.Build.0 = Release|Any CPU
		{C09E8165-64A8-4D26-B5DA-FF09FADD3234}.Debug|Any CPU.ActiveCfg = Debug|Any CPU
		{C09E8165-64A8-4D26-B5DA-FF09FADD3234}.Debug|Any CPU.Build.0 = Debug|Any CPU
		{C09E8165-64A8-4D26-B5DA-FF09FADD3234}.Release|Any CPU.ActiveCfg = Release|Any CPU
		{C09E8165-64A8-4D26-B5DA-FF09FADD3234}.Release|Any CPU.Build.0 = Release|Any CPU
		{63FEF5AD-5483-4919-8549-00CE1F26E3BF}.Debug|Any CPU.ActiveCfg = Debug|Any CPU
		{63FEF5AD-5483-4919-8549-00CE1F26E3BF}.Debug|Any CPU.Build.0 = Debug|Any CPU
		{63FEF5AD-5483-4919-8549-00CE1F26E3BF}.Release|Any CPU.ActiveCfg = Release|Any CPU
		{63FEF5AD-5483-4919-8549-00CE1F26E3BF}.Release|Any CPU.Build.0 = Release|Any CPU
		{5BF7F915-A7B2-4E05-BAF2-ECBEDB7ED6B4}.Debug|Any CPU.ActiveCfg = Debug|Any CPU
		{5BF7F915-A7B2-4E05-BAF2-ECBEDB7ED6B4}.Debug|Any CPU.Build.0 = Debug|Any CPU
		{5BF7F915-A7B2-4E05-BAF2-ECBEDB7ED6B4}.Release|Any CPU.ActiveCfg = Release|Any CPU
		{5BF7F915-A7B2-4E05-BAF2-ECBEDB7ED6B4}.Release|Any CPU.Build.0 = Release|Any CPU
	EndGlobalSection
	GlobalSection(SolutionProperties) = preSolution
		HideSolutionNode = FALSE
	EndGlobalSection
	GlobalSection(NestedProjects) = preSolution
		{C9490331-11F1-4C0C-9599-1F610257505C} = {0BC2F187-C3E0-4E39-8A4F-49351DCE7883}
		{C09E8165-64A8-4D26-B5DA-FF09FADD3234} = {0BC2F187-C3E0-4E39-8A4F-49351DCE7883}
		{63FEF5AD-5483-4919-8549-00CE1F26E3BF} = {0BC2F187-C3E0-4E39-8A4F-49351DCE7883}
		{5BF7F915-A7B2-4E05-BAF2-ECBEDB7ED6B4} = {0BC2F187-C3E0-4E39-8A4F-49351DCE7883}
	EndGlobalSection
	GlobalSection(ExtensibilityGlobals) = postSolution
		SolutionGuid = {7609A4CE-E5E5-48AA-AA46-79602A4CDA1E}
	EndGlobalSection
EndGlobal
